
Microsoft Visual Studio Solution File, Format Version 12.00
# Visual Studio Version 17
VisualStudioVersion = 17.12.35707.178
MinimumVisualStudioVersion = 10.0.40219.1
Project("{FAE04EC0-301F-11D3-BF4B-00C04F79EFBC}") = "GasHimApi.API", "GasHimApi.API\GasHimApi.API.csproj", "{A9728991-01FD-4716-B7DA-37183B94707F}"
	ProjectSection(ProjectDependencies) = postProject
		{2568E3A5-CAB1-4684-A77A-6380F29D1B48} = {2568E3A5-CAB1-4684-A77A-6380F29D1B48}
	EndProjectSection
EndProject
Project("{FAE04EC0-301F-11D3-BF4B-00C04F79EFBC}") = "GasHimApi.Data", "GasHimApi.Data\GasHimApi.Data.csproj", "{2568E3A5-CAB1-4684-A77A-6380F29D1B48}"
EndProject
Project("{2150E333-8FDC-42A3-9474-1A3956D46DE8}") = "Элементы решения", "Элементы решения", "{754FC069-D67B-A9D7-50A1-8D1CA196D8F1}"
	ProjectSection(SolutionItems) = preProject
		Directory.Build.props = Directory.Build.props
		Directory.Packages.props = Directory.Packages.props
	EndProjectSection
EndProject
Global
	GlobalSection(SolutionConfigurationPlatforms) = preSolution
		Debug|Any CPU = Debug|Any CPU
		Release|Any CPU = Release|Any CPU
	EndGlobalSection
	GlobalSection(ProjectConfigurationPlatforms) = postSolution
		{A9728991-01FD-4716-B7DA-37183B94707F}.Debug|Any CPU.ActiveCfg = Debug|Any CPU
		{A9728991-01FD-4716-B7DA-37183B94707F}.Debug|Any CPU.Build.0 = Debug|Any CPU
		{A9728991-01FD-4716-B7DA-37183B94707F}.Release|Any CPU.ActiveCfg = Release|Any CPU
		{A9728991-01FD-4716-B7DA-37183B94707F}.Release|Any CPU.Build.0 = Release|Any CPU
		{2568E3A5-CAB1-4684-A77A-6380F29D1B48}.Debug|Any CPU.ActiveCfg = Debug|Any CPU
		{2568E3A5-CAB1-4684-A77A-6380F29D1B48}.Debug|Any CPU.Build.0 = Debug|Any CPU
		{2568E3A5-CAB1-4684-A77A-6380F29D1B48}.Release|Any CPU.ActiveCfg = Release|Any CPU
		{2568E3A5-CAB1-4684-A77A-6380F29D1B48}.Release|Any CPU.Build.0 = Release|Any CPU
	EndGlobalSection
	GlobalSection(SolutionProperties) = preSolution
		HideSolutionNode = FALSE
	EndGlobalSection
	GlobalSection(ExtensibilityGlobals) = postSolution
		SolutionGuid = {73931CB3-8C46-4C28-A40D-4A5085A2E415}
	EndGlobalSection
EndGlobal
